
Microsoft Visual Studio Solution File, Format Version 12.00
# Visual Studio Version 17
VisualStudioVersion = 17.0.31611.283
MinimumVisualStudioVersion = 10.0.40219.1
Project("{9A19103F-16F7-4668-BE54-9A1E7A4F7556}") = "NRGScoutingApp2022DeepSpace", "NRGScoutingApp2022DeepSpace\NRGScoutingApp2022DeepSpace.csproj", "{508248D3-FEBF-4EB6-8E32-70676FB8DA3C}"
EndProject
Project("{9A19103F-16F7-4668-BE54-9A1E7A4F7556}") = "NRGScoutingApp2022DeeoSpace.Lib", "NRGScoutingApp2022DeeoSpace.Lib\NRGScoutingApp2022DeeoSpace.Lib.csproj", "{D0A41872-A1B1-42C0-96DC-93505447346D}"
EndProject
Project("{FAE04EC0-301F-11D3-BF4B-00C04F79EFBC}") = "NRGScoutingApp2022DeeoSpace.Test", "NRGScoutingApp2022DeeoSpace.Test\NRGScoutingApp2022DeeoSpace.Test.csproj", "{9766144D-6130-4F25-92F8-559A75FC08B7}"
EndProject
Global
	GlobalSection(SolutionConfigurationPlatforms) = preSolution
		Debug|Any CPU = Debug|Any CPU
		Release|Any CPU = Release|Any CPU
	EndGlobalSection
	GlobalSection(ProjectConfigurationPlatforms) = postSolution
		{508248D3-FEBF-4EB6-8E32-70676FB8DA3C}.Debug|Any CPU.ActiveCfg = Debug|Any CPU
		{508248D3-FEBF-4EB6-8E32-70676FB8DA3C}.Debug|Any CPU.Build.0 = Debug|Any CPU
		{508248D3-FEBF-4EB6-8E32-70676FB8DA3C}.Debug|Any CPU.Deploy.0 = Debug|Any CPU
		{508248D3-FEBF-4EB6-8E32-70676FB8DA3C}.Release|Any CPU.ActiveCfg = Release|Any CPU
		{508248D3-FEBF-4EB6-8E32-70676FB8DA3C}.Release|Any CPU.Build.0 = Release|Any CPU
		{508248D3-FEBF-4EB6-8E32-70676FB8DA3C}.Release|Any CPU.Deploy.0 = Release|Any CPU
		{D0A41872-A1B1-42C0-96DC-93505447346D}.Debug|Any CPU.ActiveCfg = Debug|Any CPU
		{D0A41872-A1B1-42C0-96DC-93505447346D}.Debug|Any CPU.Build.0 = Debug|Any CPU
		{D0A41872-A1B1-42C0-96DC-93505447346D}.Release|Any CPU.ActiveCfg = Release|Any CPU
		{D0A41872-A1B1-42C0-96DC-93505447346D}.Release|Any CPU.Build.0 = Release|Any CPU
		{9766144D-6130-4F25-92F8-559A75FC08B7}.Debug|Any CPU.ActiveCfg = Debug|Any CPU
		{9766144D-6130-4F25-92F8-559A75FC08B7}.Debug|Any CPU.Build.0 = Debug|Any CPU
		{9766144D-6130-4F25-92F8-559A75FC08B7}.Release|Any CPU.ActiveCfg = Release|Any CPU
		{9766144D-6130-4F25-92F8-559A75FC08B7}.Release|Any CPU.Build.0 = Release|Any CPU
	EndGlobalSection
	GlobalSection(SolutionProperties) = preSolution
		HideSolutionNode = FALSE
	EndGlobalSection
	GlobalSection(ExtensibilityGlobals) = postSolution
		SolutionGuid = {61F7FB11-1E47-470C-91E2-47F8143E1572}
	EndGlobalSection
EndGlobal
